// !$*UTF8*$!
{
	archiveVersion = 1;
	classes = {
	};
	objectVersion = 56;
	objects = {

/* Begin PBXBuildFile section */
		D2BE17292A29D52E0047B105 /* KillerSudokuApp.swift in Sources */ = {isa = PBXBuildFile; fileRef = D2BE17282A29D52E0047B105 /* KillerSudokuApp.swift */; };
		D2BE172B2A29D52E0047B105 /* ContentView.swift in Sources */ = {isa = PBXBuildFile; fileRef = D2BE172A2A29D52E0047B105 /* ContentView.swift */; };
		D2BE172D2A29D52F0047B105 /* Assets.xcassets in Resources */ = {isa = PBXBuildFile; fileRef = D2BE172C2A29D52F0047B105 /* Assets.xcassets */; };
		D2BE17302A29D52F0047B105 /* Preview Assets.xcassets in Resources */ = {isa = PBXBuildFile; fileRef = D2BE172F2A29D52F0047B105 /* Preview Assets.xcassets */; };
		D2BE173A2A29D52F0047B105 /* KillerSudokuTests.swift in Sources */ = {isa = PBXBuildFile; fileRef = D2BE17392A29D52F0047B105 /* KillerSudokuTests.swift */; };
		D2BE17442A29D52F0047B105 /* KillerSudokuUITests.swift in Sources */ = {isa = PBXBuildFile; fileRef = D2BE17432A29D52F0047B105 /* KillerSudokuUITests.swift */; };
		D2BE17462A29D52F0047B105 /* KillerSudokuUITestsLaunchTests.swift in Sources */ = {isa = PBXBuildFile; fileRef = D2BE17452A29D52F0047B105 /* KillerSudokuUITestsLaunchTests.swift */; };
/* End PBXBuildFile section */

/* Begin PBXContainerItemProxy section */
		D2BE17362A29D52F0047B105 /* PBXContainerItemProxy */ = {
			isa = PBXContainerItemProxy;
			containerPortal = D2BE171D2A29D52E0047B105 /* Project object */;
			proxyType = 1;
			remoteGlobalIDString = D2BE17242A29D52E0047B105;
			remoteInfo = KillerSudoku;
		};
		D2BE17402A29D52F0047B105 /* PBXContainerItemProxy */ = {
			isa = PBXContainerItemProxy;
			containerPortal = D2BE171D2A29D52E0047B105 /* Project object */;
			proxyType = 1;
			remoteGlobalIDString = D2BE17242A29D52E0047B105;
			remoteInfo = KillerSudoku;
		};
/* End PBXContainerItemProxy section */

/* Begin PBXFileReference section */
		D2BE17252A29D52E0047B105 /* KillerSudoku.app */ = {isa = PBXFileReference; explicitFileType = wrapper.application; includeInIndex = 0; path = KillerSudoku.app; sourceTree = BUILT_PRODUCTS_DIR; };
		D2BE17282A29D52E0047B105 /* KillerSudokuApp.swift */ = {isa = PBXFileReference; lastKnownFileType = sourcecode.swift; path = KillerSudokuApp.swift; sourceTree = "<group>"; };
		D2BE172A2A29D52E0047B105 /* ContentView.swift */ = {isa = PBXFileReference; lastKnownFileType = sourcecode.swift; path = ContentView.swift; sourceTree = "<group>"; };
		D2BE172C2A29D52F0047B105 /* Assets.xcassets */ = {isa = PBXFileReference; lastKnownFileType = folder.assetcatalog; path = Assets.xcassets; sourceTree = "<group>"; };
		D2BE172F2A29D52F0047B105 /* Preview Assets.xcassets */ = {isa = PBXFileReference; lastKnownFileType = folder.assetcatalog; path = "Preview Assets.xcassets"; sourceTree = "<group>"; };
		D2BE17352A29D52F0047B105 /* KillerSudokuTests.xctest */ = {isa = PBXFileReference; explicitFileType = wrapper.cfbundle; includeInIndex = 0; path = KillerSudokuTests.xctest; sourceTree = BUILT_PRODUCTS_DIR; };
		D2BE17392A29D52F0047B105 /* KillerSudokuTests.swift */ = {isa = PBXFileReference; lastKnownFileType = sourcecode.swift; path = KillerSudokuTests.swift; sourceTree = "<group>"; };
		D2BE173F2A29D52F0047B105 /* KillerSudokuUITests.xctest */ = {isa = PBXFileReference; explicitFileType = wrapper.cfbundle; includeInIndex = 0; path = KillerSudokuUITests.xctest; sourceTree = BUILT_PRODUCTS_DIR; };
		D2BE17432A29D52F0047B105 /* KillerSudokuUITests.swift */ = {isa = PBXFileReference; lastKnownFileType = sourcecode.swift; path = KillerSudokuUITests.swift; sourceTree = "<group>"; };
		D2BE17452A29D52F0047B105 /* KillerSudokuUITestsLaunchTests.swift */ = {isa = PBXFileReference; lastKnownFileType = sourcecode.swift; path = KillerSudokuUITestsLaunchTests.swift; sourceTree = "<group>"; };
/* End PBXFileReference section */

/* Begin PBXFrameworksBuildPhase section */
		D2BE17222A29D52E0047B105 /* Frameworks */ = {
			isa = PBXFrameworksBuildPhase;
			buildActionMask = 2147483647;
			files = (
			);
			runOnlyForDeploymentPostprocessing = 0;
		};
		D2BE17322A29D52F0047B105 /* Frameworks */ = {
			isa = PBXFrameworksBuildPhase;
			buildActionMask = 2147483647;
			files = (
			);
			runOnlyForDeploymentPostprocessing = 0;
		};
		D2BE173C2A29D52F0047B105 /* Frameworks */ = {
			isa = PBXFrameworksBuildPhase;
			buildActionMask = 2147483647;
			files = (
			);
			runOnlyForDeploymentPostprocessing = 0;
		};
/* End PBXFrameworksBuildPhase section */

/* Begin PBXGroup section */
		D2BE171C2A29D52E0047B105 = {
			isa = PBXGroup;
			children = (
				D2BE17272A29D52E0047B105 /* KillerSudoku */,
				D2BE17382A29D52F0047B105 /* KillerSudokuTests */,
				D2BE17422A29D52F0047B105 /* KillerSudokuUITests */,
				D2BE17262A29D52E0047B105 /* Products */,
			);
			sourceTree = "<group>";
		};
		D2BE17262A29D52E0047B105 /* Products */ = {
			isa = PBXGroup;
			children = (
				D2BE17252A29D52E0047B105 /* KillerSudoku.app */,
				D2BE17352A29D52F0047B105 /* KillerSudokuTests.xctest */,
				D2BE173F2A29D52F0047B105 /* KillerSudokuUITests.xctest */,
			);
			name = Products;
			sourceTree = "<group>";
		};
		D2BE17272A29D52E0047B105 /* KillerSudoku */ = {
			isa = PBXGroup;
			children = (
				D2BE17282A29D52E0047B105 /* KillerSudokuApp.swift */,
				D2BE172A2A29D52E0047B105 /* ContentView.swift */,
				D2BE172C2A29D52F0047B105 /* Assets.xcassets */,
				D2BE172E2A29D52F0047B105 /* Preview Content */,
			);
			path = KillerSudoku;
			sourceTree = "<group>";
		};
		D2BE172E2A29D52F0047B105 /* Preview Content */ = {
			isa = PBXGroup;
			children = (
				D2BE172F2A29D52F0047B105 /* Preview Assets.xcassets */,
			);
			path = "Preview Content";
			sourceTree = "<group>";
		};
		D2BE17382A29D52F0047B105 /* KillerSudokuTests */ = {
			isa = PBXGroup;
			children = (
				D2BE17392A29D52F0047B105 /* KillerSudokuTests.swift */,
			);
			path = KillerSudokuTests;
			sourceTree = "<group>";
		};
		D2BE17422A29D52F0047B105 /* KillerSudokuUITests */ = {
			isa = PBXGroup;
			children = (
				D2BE17432A29D52F0047B105 /* KillerSudokuUITests.swift */,
				D2BE17452A29D52F0047B105 /* KillerSudokuUITestsLaunchTests.swift */,
			);
			path = KillerSudokuUITests;
			sourceTree = "<group>";
		};
/* End PBXGroup section */

/* Begin PBXNativeTarget section */
		D2BE17242A29D52E0047B105 /* KillerSudoku */ = {
			isa = PBXNativeTarget;
			buildConfigurationList = D2BE17492A29D52F0047B105 /* Build configuration list for PBXNativeTarget "KillerSudoku" */;
			buildPhases = (
				D2BE17212A29D52E0047B105 /* Sources */,
				D2BE17222A29D52E0047B105 /* Frameworks */,
				D2BE17232A29D52E0047B105 /* Resources */,
			);
			buildRules = (
			);
			dependencies = (
			);
			name = KillerSudoku;
			productName = KillerSudoku;
			productReference = D2BE17252A29D52E0047B105 /* KillerSudoku.app */;
			productType = "com.apple.product-type.application";
		};
		D2BE17342A29D52F0047B105 /* KillerSudokuTests */ = {
			isa = PBXNativeTarget;
			buildConfigurationList = D2BE174C2A29D52F0047B105 /* Build configuration list for PBXNativeTarget "KillerSudokuTests" */;
			buildPhases = (
				D2BE17312A29D52F0047B105 /* Sources */,
				D2BE17322A29D52F0047B105 /* Frameworks */,
				D2BE17332A29D52F0047B105 /* Resources */,
			);
			buildRules = (
			);
			dependencies = (
				D2BE17372A29D52F0047B105 /* PBXTargetDependency */,
			);
			name = KillerSudokuTests;
			productName = KillerSudokuTests;
			productReference = D2BE17352A29D52F0047B105 /* KillerSudokuTests.xctest */;
			productType = "com.apple.product-type.bundle.unit-test";
		};
		D2BE173E2A29D52F0047B105 /* KillerSudokuUITests */ = {
			isa = PBXNativeTarget;
			buildConfigurationList = D2BE174F2A29D52F0047B105 /* Build configuration list for PBXNativeTarget "KillerSudokuUITests" */;
			buildPhases = (
				D2BE173B2A29D52F0047B105 /* Sources */,
				D2BE173C2A29D52F0047B105 /* Frameworks */,
				D2BE173D2A29D52F0047B105 /* Resources */,
			);
			buildRules = (
			);
			dependencies = (
				D2BE17412A29D52F0047B105 /* PBXTargetDependency */,
			);
			name = KillerSudokuUITests;
			productName = KillerSudokuUITests;
			productReference = D2BE173F2A29D52F0047B105 /* KillerSudokuUITests.xctest */;
			productType = "com.apple.product-type.bundle.ui-testing";
		};
/* End PBXNativeTarget section */

/* Begin PBXProject section */
		D2BE171D2A29D52E0047B105 /* Project object */ = {
			isa = PBXProject;
			attributes = {
				BuildIndependentTargetsInParallel = 1;
				LastSwiftUpdateCheck = 1430;
				LastUpgradeCheck = 1430;
				TargetAttributes = {
					D2BE17242A29D52E0047B105 = {
						CreatedOnToolsVersion = 14.3;
					};
					D2BE17342A29D52F0047B105 = {
						CreatedOnToolsVersion = 14.3;
						TestTargetID = D2BE17242A29D52E0047B105;
					};
					D2BE173E2A29D52F0047B105 = {
						CreatedOnToolsVersion = 14.3;
						TestTargetID = D2BE17242A29D52E0047B105;
					};
				};
			};
			buildConfigurationList = D2BE17202A29D52E0047B105 /* Build configuration list for PBXProject "KillerSudoku" */;
			compatibilityVersion = "Xcode 14.0";
			developmentRegion = en;
			hasScannedForEncodings = 0;
			knownRegions = (
				en,
				Base,
			);
			mainGroup = D2BE171C2A29D52E0047B105;
			productRefGroup = D2BE17262A29D52E0047B105 /* Products */;
			projectDirPath = "";
			projectRoot = "";
			targets = (
				D2BE17242A29D52E0047B105 /* KillerSudoku */,
				D2BE17342A29D52F0047B105 /* KillerSudokuTests */,
				D2BE173E2A29D52F0047B105 /* KillerSudokuUITests */,
			);
		};
/* End PBXProject section */

/* Begin PBXResourcesBuildPhase section */
		D2BE17232A29D52E0047B105 /* Resources */ = {
			isa = PBXResourcesBuildPhase;
			buildActionMask = 2147483647;
			files = (
				D2BE17302A29D52F0047B105 /* Preview Assets.xcassets in Resources */,
				D2BE172D2A29D52F0047B105 /* Assets.xcassets in Resources */,
			);
			runOnlyForDeploymentPostprocessing = 0;
		};
		D2BE17332A29D52F0047B105 /* Resources */ = {
			isa = PBXResourcesBuildPhase;
			buildActionMask = 2147483647;
			files = (
			);
			runOnlyForDeploymentPostprocessing = 0;
		};
		D2BE173D2A29D52F0047B105 /* Resources */ = {
			isa = PBXResourcesBuildPhase;
			buildActionMask = 2147483647;
			files = (
			);
			runOnlyForDeploymentPostprocessing = 0;
		};
/* End PBXResourcesBuildPhase section */

/* Begin PBXSourcesBuildPhase section */
		D2BE17212A29D52E0047B105 /* Sources */ = {
			isa = PBXSourcesBuildPhase;
			buildActionMask = 2147483647;
			files = (
				D2BE172B2A29D52E0047B105 /* ContentView.swift in Sources */,
				D2BE17292A29D52E0047B105 /* KillerSudokuApp.swift in Sources */,
			);
			runOnlyForDeploymentPostprocessing = 0;
		};
		D2BE17312A29D52F0047B105 /* Sources */ = {
			isa = PBXSourcesBuildPhase;
			buildActionMask = 2147483647;
			files = (
				D2BE173A2A29D52F0047B105 /* KillerSudokuTests.swift in Sources */,
			);
			runOnlyForDeploymentPostprocessing = 0;
		};
		D2BE173B2A29D52F0047B105 /* Sources */ = {
			isa = PBXSourcesBuildPhase;
			buildActionMask = 2147483647;
			files = (
				D2BE17462A29D52F0047B105 /* KillerSudokuUITestsLaunchTests.swift in Sources */,
				D2BE17442A29D52F0047B105 /* KillerSudokuUITests.swift in Sources */,
			);
			runOnlyForDeploymentPostprocessing = 0;
		};
/* End PBXSourcesBuildPhase section */

/* Begin PBXTargetDependency section */
		D2BE17372A29D52F0047B105 /* PBXTargetDependency */ = {
			isa = PBXTargetDependency;
			target = D2BE17242A29D52E0047B105 /* KillerSudoku */;
			targetProxy = D2BE17362A29D52F0047B105 /* PBXContainerItemProxy */;
		};
		D2BE17412A29D52F0047B105 /* PBXTargetDependency */ = {
			isa = PBXTargetDependency;
			target = D2BE17242A29D52E0047B105 /* KillerSudoku */;
			targetProxy = D2BE17402A29D52F0047B105 /* PBXContainerItemProxy */;
		};
/* End PBXTargetDependency section */

/* Begin XCBuildConfiguration section */
		D2BE17472A29D52F0047B105 /* Debug */ = {
			isa = XCBuildConfiguration;
			buildSettings = {
				ALWAYS_SEARCH_USER_PATHS = NO;
				CLANG_ANALYZER_NONNULL = YES;
				CLANG_ANALYZER_NUMBER_OBJECT_CONVERSION = YES_AGGRESSIVE;
				CLANG_CXX_LANGUAGE_STANDARD = "gnu++20";
				CLANG_ENABLE_MODULES = YES;
				CLANG_ENABLE_OBJC_ARC = YES;
				CLANG_ENABLE_OBJC_WEAK = YES;
				CLANG_WARN_BLOCK_CAPTURE_AUTORELEASING = YES;
				CLANG_WARN_BOOL_CONVERSION = YES;
				CLANG_WARN_COMMA = YES;
				CLANG_WARN_CONSTANT_CONVERSION = YES;
				CLANG_WARN_DEPRECATED_OBJC_IMPLEMENTATIONS = YES;
				CLANG_WARN_DIRECT_OBJC_ISA_USAGE = YES_ERROR;
				CLANG_WARN_DOCUMENTATION_COMMENTS = YES;
				CLANG_WARN_EMPTY_BODY = YES;
				CLANG_WARN_ENUM_CONVERSION = YES;
				CLANG_WARN_INFINITE_RECURSION = YES;
				CLANG_WARN_INT_CONVERSION = YES;
				CLANG_WARN_NON_LITERAL_NULL_CONVERSION = YES;
				CLANG_WARN_OBJC_IMPLICIT_RETAIN_SELF = YES;
				CLANG_WARN_OBJC_LITERAL_CONVERSION = YES;
				CLANG_WARN_OBJC_ROOT_CLASS = YES_ERROR;
				CLANG_WARN_QUOTED_INCLUDE_IN_FRAMEWORK_HEADER = YES;
				CLANG_WARN_RANGE_LOOP_ANALYSIS = YES;
				CLANG_WARN_STRICT_PROTOTYPES = YES;
				CLANG_WARN_SUSPICIOUS_MOVE = YES;
				CLANG_WARN_UNGUARDED_AVAILABILITY = YES_AGGRESSIVE;
				CLANG_WARN_UNREACHABLE_CODE = YES;
				CLANG_WARN__DUPLICATE_METHOD_MATCH = YES;
				COPY_PHASE_STRIP = NO;
				DEBUG_INFORMATION_FORMAT = dwarf;
				ENABLE_STRICT_OBJC_MSGSEND = YES;
				ENABLE_TESTABILITY = YES;
				GCC_C_LANGUAGE_STANDARD = gnu11;
				GCC_DYNAMIC_NO_PIC = NO;
				GCC_NO_COMMON_BLOCKS = YES;
				GCC_OPTIMIZATION_LEVEL = 0;
				GCC_PREPROCESSOR_DEFINITIONS = (
					"DEBUG=1",
					"$(inherited)",
				);
				GCC_WARN_64_TO_32_BIT_CONVERSION = YES;
				GCC_WARN_ABOUT_RETURN_TYPE = YES_ERROR;
				GCC_WARN_UNDECLARED_SELECTOR = YES;
				GCC_WARN_UNINITIALIZED_AUTOS = YES_AGGRESSIVE;
				GCC_WARN_UNUSED_FUNCTION = YES;
				GCC_WARN_UNUSED_VARIABLE = YES;
				IPHONEOS_DEPLOYMENT_TARGET = 16.4;
				MTL_ENABLE_DEBUG_INFO = INCLUDE_SOURCE;
				MTL_FAST_MATH = YES;
				ONLY_ACTIVE_ARCH = YES;
				SDKROOT = iphoneos;
				SWIFT_ACTIVE_COMPILATION_CONDITIONS = DEBUG;
				SWIFT_OPTIMIZATION_LEVEL = "-Onone";
			};
			name = Debug;
		};
		D2BE17482A29D52F0047B105 /* Release */ = {
			isa = XCBuildConfiguration;
			buildSettings = {
				ALWAYS_SEARCH_USER_PATHS = NO;
				CLANG_ANALYZER_NONNULL = YES;
				CLANG_ANALYZER_NUMBER_OBJECT_CONVERSION = YES_AGGRESSIVE;
				CLANG_CXX_LANGUAGE_STANDARD = "gnu++20";
				CLANG_ENABLE_MODULES = YES;
				CLANG_ENABLE_OBJC_ARC = YES;
				CLANG_ENABLE_OBJC_WEAK = YES;
				CLANG_WARN_BLOCK_CAPTURE_AUTORELEASING = YES;
				CLANG_WARN_BOOL_CONVERSION = YES;
				CLANG_WARN_COMMA = YES;
				CLANG_WARN_CONSTANT_CONVERSION = YES;
				CLANG_WARN_DEPRECATED_OBJC_IMPLEMENTATIONS = YES;
				CLANG_WARN_DIRECT_OBJC_ISA_USAGE = YES_ERROR;
				CLANG_WARN_DOCUMENTATION_COMMENTS = YES;
				CLANG_WARN_EMPTY_BODY = YES;
				CLANG_WARN_ENUM_CONVERSION = YES;
				CLANG_WARN_INFINITE_RECURSION = YES;
				CLANG_WARN_INT_CONVERSION = YES;
				CLANG_WARN_NON_LITERAL_NULL_CONVERSION = YES;
				CLANG_WARN_OBJC_IMPLICIT_RETAIN_SELF = YES;
				CLANG_WARN_OBJC_LITERAL_CONVERSION = YES;
				CLANG_WARN_OBJC_ROOT_CLASS = YES_ERROR;
				CLANG_WARN_QUOTED_INCLUDE_IN_FRAMEWORK_HEADER = YES;
				CLANG_WARN_RANGE_LOOP_ANALYSIS = YES;
				CLANG_WARN_STRICT_PROTOTYPES = YES;
				CLANG_WARN_SUSPICIOUS_MOVE = YES;
				CLANG_WARN_UNGUARDED_AVAILABILITY = YES_AGGRESSIVE;
				CLANG_WARN_UNREACHABLE_CODE = YES;
				CLANG_WARN__DUPLICATE_METHOD_MATCH = YES;
				COPY_PHASE_STRIP = NO;
				DEBUG_INFORMATION_FORMAT = "dwarf-with-dsym";
				ENABLE_NS_ASSERTIONS = NO;
				ENABLE_STRICT_OBJC_MSGSEND = YES;
				GCC_C_LANGUAGE_STANDARD = gnu11;
				GCC_NO_COMMON_BLOCKS = YES;
				GCC_WARN_64_TO_32_BIT_CONVERSION = YES;
				GCC_WARN_ABOUT_RETURN_TYPE = YES_ERROR;
				GCC_WARN_UNDECLARED_SELECTOR = YES;
				GCC_WARN_UNINITIALIZED_AUTOS = YES_AGGRESSIVE;
				GCC_WARN_UNUSED_FUNCTION = YES;
				GCC_WARN_UNUSED_VARIABLE = YES;
				IPHONEOS_DEPLOYMENT_TARGET = 16.4;
				MTL_ENABLE_DEBUG_INFO = NO;
				MTL_FAST_MATH = YES;
				SDKROOT = iphoneos;
				SWIFT_COMPILATION_MODE = wholemodule;
				SWIFT_OPTIMIZATION_LEVEL = "-O";
				VALIDATE_PRODUCT = YES;
			};
			name = Release;
		};
		D2BE174A2A29D52F0047B105 /* Debug */ = {
			isa = XCBuildConfiguration;
			buildSettings = {
				ASSETCATALOG_COMPILER_APPICON_NAME = AppIcon;
				ASSETCATALOG_COMPILER_GLOBAL_ACCENT_COLOR_NAME = AccentColor;
				CODE_SIGN_STYLE = Automatic;
				CURRENT_PROJECT_VERSION = 1;
				DEVELOPMENT_ASSET_PATHS = "\"KillerSudoku/Preview Content\"";
				DEVELOPMENT_TEAM = NB7837487A;
				ENABLE_PREVIEWS = YES;
				GENERATE_INFOPLIST_FILE = YES;
				INFOPLIST_KEY_UIApplicationSceneManifest_Generation = YES;
				INFOPLIST_KEY_UIApplicationSupportsIndirectInputEvents = YES;
				INFOPLIST_KEY_UILaunchScreen_Generation = YES;
				INFOPLIST_KEY_UISupportedInterfaceOrientations_iPad = "UIInterfaceOrientationPortrait UIInterfaceOrientationPortraitUpsideDown UIInterfaceOrientationLandscapeLeft UIInterfaceOrientationLandscapeRight";
				INFOPLIST_KEY_UISupportedInterfaceOrientations_iPhone = "UIInterfaceOrientationPortrait UIInterfaceOrientationLandscapeLeft UIInterfaceOrientationLandscapeRight";
				LD_RUNPATH_SEARCH_PATHS = (
					"$(inherited)",
					"@executable_path/Frameworks",
				);
				MARKETING_VERSION = 1.0;
				PRODUCT_BUNDLE_IDENTIFIER = dev.alisina.KillerSudoku;
				PRODUCT_NAME = "$(TARGET_NAME)";
				SWIFT_EMIT_LOC_STRINGS = YES;
				SWIFT_VERSION = 5.0;
				TARGETED_DEVICE_FAMILY = "1,2";
			};
			name = Debug;
		};
		D2BE174B2A29D52F0047B105 /* Release */ = {
			isa = XCBuildConfiguration;
			buildSettings = {
				ASSETCATALOG_COMPILER_APPICON_NAME = AppIcon;
				ASSETCATALOG_COMPILER_GLOBAL_ACCENT_COLOR_NAME = AccentColor;
				CODE_SIGN_STYLE = Automatic;
				CURRENT_PROJECT_VERSION = 1;
				DEVELOPMENT_ASSET_PATHS = "\"KillerSudoku/Preview Content\"";
				DEVELOPMENT_TEAM = NB7837487A;
				ENABLE_PREVIEWS = YES;
				GENERATE_INFOPLIST_FILE = YES;
				INFOPLIST_KEY_UIApplicationSceneManifest_Generation = YES;
				INFOPLIST_KEY_UIApplicationSupportsIndirectInputEvents = YES;
				INFOPLIST_KEY_UILaunchScreen_Generation = YES;
				INFOPLIST_KEY_UISupportedInterfaceOrientations_iPad = "UIInterfaceOrientationPortrait UIInterfaceOrientationPortraitUpsideDown UIInterfaceOrientationLandscapeLeft UIInterfaceOrientationLandscapeRight";
				INFOPLIST_KEY_UISupportedInterfaceOrientations_iPhone = "UIInterfaceOrientationPortrait UIInterfaceOrientationLandscapeLeft UIInterfaceOrientationLandscapeRight";
				LD_RUNPATH_SEARCH_PATHS = (
					"$(inherited)",
					"@executable_path/Frameworks",
				);
				MARKETING_VERSION = 1.0;
				PRODUCT_BUNDLE_IDENTIFIER = dev.alisina.KillerSudoku;
				PRODUCT_NAME = "$(TARGET_NAME)";
				SWIFT_EMIT_LOC_STRINGS = YES;
				SWIFT_VERSION = 5.0;
				TARGETED_DEVICE_FAMILY = "1,2";
			};
			name = Release;
		};
		D2BE174D2A29D52F0047B105 /* Debug */ = {
			isa = XCBuildConfiguration;
			buildSettings = {
				ALWAYS_EMBED_SWIFT_STANDARD_LIBRARIES = YES;
				BUNDLE_LOADER = "$(TEST_HOST)";
				CODE_SIGN_STYLE = Automatic;
				CURRENT_PROJECT_VERSION = 1;
				DEVELOPMENT_TEAM = NB7837487A;
				GENERATE_INFOPLIST_FILE = YES;
				IPHONEOS_DEPLOYMENT_TARGET = 16.4;
				MARKETING_VERSION = 1.0;
				PRODUCT_BUNDLE_IDENTIFIER = dev.alisina.KillerSudokuTests;
				PRODUCT_NAME = "$(TARGET_NAME)";
				SWIFT_EMIT_LOC_STRINGS = NO;
				SWIFT_VERSION = 5.0;
				TARGETED_DEVICE_FAMILY = "1,2";
				TEST_HOST = "$(BUILT_PRODUCTS_DIR)/KillerSudoku.app/$(BUNDLE_EXECUTABLE_FOLDER_PATH)/KillerSudoku";
			};
			name = Debug;
		};
		D2BE174E2A29D52F0047B105 /* Release */ = {
			isa = XCBuildConfiguration;
			buildSettings = {
				ALWAYS_EMBED_SWIFT_STANDARD_LIBRARIES = YES;
				BUNDLE_LOADER = "$(TEST_HOST)";
				CODE_SIGN_STYLE = Automatic;
				CURRENT_PROJECT_VERSION = 1;
				DEVELOPMENT_TEAM = NB7837487A;
				GENERATE_INFOPLIST_FILE = YES;
				IPHONEOS_DEPLOYMENT_TARGET = 16.4;
				MARKETING_VERSION = 1.0;
				PRODUCT_BUNDLE_IDENTIFIER = dev.alisina.KillerSudokuTests;
				PRODUCT_NAME = "$(TARGET_NAME)";
				SWIFT_EMIT_LOC_STRINGS = NO;
				SWIFT_VERSION = 5.0;
				TARGETED_DEVICE_FAMILY = "1,2";
				TEST_HOST = "$(BUILT_PRODUCTS_DIR)/KillerSudoku.app/$(BUNDLE_EXECUTABLE_FOLDER_PATH)/KillerSudoku";
			};
			name = Release;
		};
		D2BE17502A29D52F0047B105 /* Debug */ = {
			isa = XCBuildConfiguration;
			buildSettings = {
				ALWAYS_EMBED_SWIFT_STANDARD_LIBRARIES = YES;
				CODE_SIGN_STYLE = Automatic;
				CURRENT_PROJECT_VERSION = 1;
				DEVELOPMENT_TEAM = NB7837487A;
				GENERATE_INFOPLIST_FILE = YES;
				MARKETING_VERSION = 1.0;
				PRODUCT_BUNDLE_IDENTIFIER = dev.alisina.KillerSudokuUITests;
				PRODUCT_NAME = "$(TARGET_NAME)";
				SWIFT_EMIT_LOC_STRINGS = NO;
				SWIFT_VERSION = 5.0;
				TARGETED_DEVICE_FAMILY = "1,2";
				TEST_TARGET_NAME = KillerSudoku;
			};
			name = Debug;
		};
		D2BE17512A29D52F0047B105 /* Release */ = {
			isa = XCBuildConfiguration;
			buildSettings = {
				ALWAYS_EMBED_SWIFT_STANDARD_LIBRARIES = YES;
				CODE_SIGN_STYLE = Automatic;
				CURRENT_PROJECT_VERSION = 1;
				DEVELOPMENT_TEAM = NB7837487A;
				GENERATE_INFOPLIST_FILE = YES;
				MARKETING_VERSION = 1.0;
				PRODUCT_BUNDLE_IDENTIFIER = dev.alisina.KillerSudokuUITests;
				PRODUCT_NAME = "$(TARGET_NAME)";
				SWIFT_EMIT_LOC_STRINGS = NO;
				SWIFT_VERSION = 5.0;
				TARGETED_DEVICE_FAMILY = "1,2";
				TEST_TARGET_NAME = KillerSudoku;
			};
			name = Release;
		};
/* End XCBuildConfiguration section */

/* Begin XCConfigurationList section */
		D2BE17202A29D52E0047B105 /* Build configuration list for PBXProject "KillerSudoku" */ = {
			isa = XCConfigurationList;
			buildConfigurations = (
				D2BE17472A29D52F0047B105 /* Debug */,
				D2BE17482A29D52F0047B105 /* Release */,
			);
			defaultConfigurationIsVisible = 0;
			defaultConfigurationName = Release;
		};
		D2BE17492A29D52F0047B105 /* Build configuration list for PBXNativeTarget "KillerSudoku" */ = {
			isa = XCConfigurationList;
			buildConfigurations = (
				D2BE174A2A29D52F0047B105 /* Debug */,
				D2BE174B2A29D52F0047B105 /* Release */,
			);
			defaultConfigurationIsVisible = 0;
			defaultConfigurationName = Release;
		};
		D2BE174C2A29D52F0047B105 /* Build configuration list for PBXNativeTarget "KillerSudokuTests" */ = {
			isa = XCConfigurationList;
			buildConfigurations = (
				D2BE174D2A29D52F0047B105 /* Debug */,
				D2BE174E2A29D52F0047B105 /* Release */,
			);
			defaultConfigurationIsVisible = 0;
			defaultConfigurationName = Release;
		};
		D2BE174F2A29D52F0047B105 /* Build configuration list for PBXNativeTarget "KillerSudokuUITests" */ = {
			isa = XCConfigurationList;
			buildConfigurations = (
				D2BE17502A29D52F0047B105 /* Debug */,
				D2BE17512A29D52F0047B105 /* Release */,
			);
			defaultConfigurationIsVisible = 0;
			defaultConfigurationName = Release;
		};
/* End XCConfigurationList section */
	};
	rootObject = D2BE171D2A29D52E0047B105 /* Project object */;
}
